
Microsoft Visual Studio Solution File, Format Version 12.00
# Visual Studio Version 16
VisualStudioVersion = 16.0.31729.503
MinimumVisualStudioVersion = 10.0.40219.1
Project("{9A19103F-16F7-4668-BE54-9A1E7A4F7556}") = "Entity", "Entity\Entity.csproj", "{7E6C09F1-FF1D-4F36-8C1E-1BB7C28806C1}"
EndProject
Project("{9A19103F-16F7-4668-BE54-9A1E7A4F7556}") = "DataAccess", "DataAccess\DataAccess.csproj", "{93FA59BB-7BCE-4ED5-8972-2C05861ABB0F}"
EndProject
Project("{9A19103F-16F7-4668-BE54-9A1E7A4F7556}") = "Business", "Business\Business.csproj", "{1719D5E8-E7AD-4765-8400-E17E120DF3F2}"
EndProject
Project("{9A19103F-16F7-4668-BE54-9A1E7A4F7556}") = "HospitalApi", "HospitalApi\HospitalApi.csproj", "{FFF32833-EF10-4DF6-837C-F52BC880BEFB}"
EndProject
Global
	GlobalSection(SolutionConfigurationPlatforms) = preSolution
		Debug|Any CPU = Debug|Any CPU
		Release|Any CPU = Release|Any CPU
	EndGlobalSection
	GlobalSection(ProjectConfigurationPlatforms) = postSolution
		{7E6C09F1-FF1D-4F36-8C1E-1BB7C28806C1}.Debug|Any CPU.ActiveCfg = Debug|Any CPU
		{7E6C09F1-FF1D-4F36-8C1E-1BB7C28806C1}.Debug|Any CPU.Build.0 = Debug|Any CPU
		{7E6C09F1-FF1D-4F36-8C1E-1BB7C28806C1}.Release|Any CPU.ActiveCfg = Release|Any CPU
		{7E6C09F1-FF1D-4F36-8C1E-1BB7C28806C1}.Release|Any CPU.Build.0 = Release|Any CPU
		{93FA59BB-7BCE-4ED5-8972-2C05861ABB0F}.Debug|Any CPU.ActiveCfg = Debug|Any CPU
		{93FA59BB-7BCE-4ED5-8972-2C05861ABB0F}.Debug|Any CPU.Build.0 = Debug|Any CPU
		{93FA59BB-7BCE-4ED5-8972-2C05861ABB0F}.Release|Any CPU.ActiveCfg = Release|Any CPU
		{93FA59BB-7BCE-4ED5-8972-2C05861ABB0F}.Release|Any CPU.Build.0 = Release|Any CPU
		{1719D5E8-E7AD-4765-8400-E17E120DF3F2}.Debug|Any CPU.ActiveCfg = Debug|Any CPU
		{1719D5E8-E7AD-4765-8400-E17E120DF3F2}.Debug|Any CPU.Build.0 = Debug|Any CPU
		{1719D5E8-E7AD-4765-8400-E17E120DF3F2}.Release|Any CPU.ActiveCfg = Release|Any CPU
		{1719D5E8-E7AD-4765-8400-E17E120DF3F2}.Release|Any CPU.Build.0 = Release|Any CPU
		{FFF32833-EF10-4DF6-837C-F52BC880BEFB}.Debug|Any CPU.ActiveCfg = Debug|Any CPU
		{FFF32833-EF10-4DF6-837C-F52BC880BEFB}.Debug|Any CPU.Build.0 = Debug|Any CPU
		{FFF32833-EF10-4DF6-837C-F52BC880BEFB}.Release|Any CPU.ActiveCfg = Release|Any CPU
		{FFF32833-EF10-4DF6-837C-F52BC880BEFB}.Release|Any CPU.Build.0 = Release|Any CPU
	EndGlobalSection
	GlobalSection(SolutionProperties) = preSolution
		HideSolutionNode = FALSE
	EndGlobalSection
	GlobalSection(ExtensibilityGlobals) = postSolution
		SolutionGuid = {EBE5B5A1-1AE5-4DB6-A898-9722D9181E3D}
	EndGlobalSection
EndGlobal
